github.com/davecgh/go-spew v1.1.0/go.mod h1:J7Y8YcW2NihsgmVo/mv3lAwl/skON4iLHjSsI+c5H38=
github.com/davecgh/go-spew v1.1.1 h1:vj9j/u1bqnvCEfJOwUhtlOARqs3+rkHYY13jYWTU97c=
github.com/davecgh/go-spew v1.1.1/go.mod h1:J7Y8YcW2NihsgmVo/mv3lAwl/skON4iLHjSsI+c5H38=
github.com/dchest/uniuri v1.2.0 h1:koIcOUdrTIivZgSLhHQvKgqdWZq5d7KdMEWF1Ud6+5g=
github.com/dchest/uniuri v1.2.0/go.mod h1:fSzm4SLHzNZvWLvWJew423PhAzkpNQYq+uNLq4kxhkY=
github.com/gopatchy/bus v0.0.0-20230420182949-6d46cf96fe01 h1:GibSdL5yMYle0k6RssUwYJppaRJWaJK5FH4nopUMMsY=
github.com/gopatchy/bus v0.0.0-20230420182949-6d46cf96fe01/go.mod h1:ySA7GifVT/WXU+ZRVF8zj1jW+VUFzKC1iWgV1jzspy0=
github.com/gopatchy/jsrest v0.0.0-20230420161234-12a6d6da8b7f h1:1uGPJm9K0Fro1UEcZpuK6FNPU/U1XX3aS3x0/PdFS40=
github.com/gopatchy/jsrest v0.0.0-20230420161234-12a6d6da8b7f/go.mod h1:Ryi8LRBLFDhQsMQHuh+6VL7HcFWjBXOEiOy9Ip/Q+Ps=
github.com/gopatchy/metadata v0.0.0-20230420053349-25837551c11d h1:chunoM47vkWSanIvLx4uRSkLMG6chDZOy09L2tt/bv8=
github.com/gopatchy/metadata v0.0.0-20230420053349-25837551c11d/go.mod h1:VgD33raUShjDePCDBo55aj+eSXFtUEpMzs+Ie39g2zo=
github.com/gopatchy/store v0.0.0-20230420180842-570716e0aff1 h1:6Van3j5DSGsV5c+OVP7gx2Z3OjAHe9ejlmIAEi0ykJU=
github.com/gopatchy/store v0.0.0-20230420180842-570716e0aff1/go.mod h1:4Z0CHXlhqVJasKMJ8CArEglrZVsqK/k/jj+shCZKJVE=
github.com/gopatchy/store v0.0.0-20230420182144-80597a8cafc9 h1:vOBOPc0gGiemYzopPPTpjuTSbvB3w0IA5WDq/nOSS0A=
github.com/gopatchy/store v0.0.0-20230420182144-80597a8cafc9/go.mod h1:4Z0CHXlhqVJasKMJ8CArEglrZVsqK/k/jj+shCZKJVE=
github.com/kr/pretty v0.3.0 h1:WgNl7dwNpEZ6jJ9k1snq4pZsg7DOEN8hP9Xw0Tsjwk0=
github.com/kr/text v0.2.0 h1:5Nx0Ya0ZqY2ygV366QzturHI13Jq95ApcVaJBhpS+AY=
github.com/mattn/go-sqlite3 v1.14.16 h1:yOQRA0RpS5PFz/oikGwBEqvAWhWg5ufRz4ETLjwpU1Y=
github.com/mattn/go-sqlite3 v1.14.16/go.mod h1:2eHXhiwb8IkHr+BDWZGa96P6+rkvnG63S2DGjv9HUNg=
github.com/pmezard/go-difflib v1.0.0 h1:4DBwDE0NGyQoBHbLQYPwSUPoCMWR5BEzIk/f1lZbAQM=
github.com/pmezard/go-difflib v1.0.0/go.mod h1:iKH77koFhYxTK1pcRnkKkqfTogsbg7gZNVY4sRDYZ/4=
github.com/rogpeppe/go-internal v1.8.1-0.20211023094830-115ce09fd6b4 h1:Ha8xCaq6ln1a+R91Km45Oq6lPXj2Mla6CRJYcuV2h1w=
github.com/stretchr/objx v0.1.0/go.mod h1:HFkY916IF+rwdDfMAkV7OtwuqBVzrE8GR6GFx+wExME=
github.com/stretchr/objx v0.4.0/go.mod h1:YvHI0jy2hoMjB+UWwv71VJQ9isScKT/TqJzVSSt89Yw=
github.com/stretchr/objx v0.5.0/go.mod h1:Yh+to48EsGEfYuaHDzXPcE3xhTkx73EhmCGUpEOglKo=
github.com/stretchr/testify v1.7.1/go.mod h1:6Fq8oRcR53rry900zMqJjRRixrwX3KX962/h/Wwjteg=
github.com/stretchr/testify v1.8.0/go.mod h1:yNjHg4UonilssWZ8iaSj1OCr/vHnekPRkoO+kdMU+MU=
github.com/stretchr/testify v1.8.2 h1:+h33VjcLVPDHtOdpUCuF+7gSuG3yGIftsP1YvFihtJ8=
github.com/stretchr/testify v1.8.2/go.mod h1:w2LPCIKwWwSfY2zedu0+kehJoqGctiVI29o6fzry7u4=
github.com/vfaronov/httpheader v0.1.0 h1:VdzetvOKRoQVHjSrXcIOwCV6JG5BCAW9rjbVbFPBmb0=
github.com/vfaronov/httpheader v0.1.0/go.mod h1:ZBxgbYu6nbN5V9Ptd1yYUUan0voD0O8nZLXHyxLgoLE=
go.uber.org/goleak v1.2.1 h1:NBol2c7O1ZokfZ0LEU9K6Whx/KnwvepVetCUhtKja4A=
go.uber.org/goleak v1.2.1/go.mod h1:qlT2yGI9QafXHhZZLxlSuNsMw3FFLxBr+tBRlmO1xH4=
gopkg.in/check.v1 v0.0.0-20161208181325-20d25e280405/go.mod h1:Co6ibVJAznAaIkqp8huTwlJQCZ016jof/cbN4VW5Yz0=
gopkg.in/check.v1 v1.0.0-20201130134442-10cb98267c6c h1:Hei/4ADfdWqJk1ZMxUNpqntNwaWcugrBjAiHlqqRiVk=
gopkg.in/yaml.v3 v3.0.0-20200313102051-9f266ea9e77c/go.mod h1:K4uyk7z7BCEPqu6E+C64Yfv1cQ7kz7rIZviUmN+EgEM=
gopkg.in/yaml.v3 v3.0.1 h1:fxVm/GzAzEWqLHuvctI91KS9hhNmmWOoWu0XTYJS7CA=
gopkg.in/yaml.v3 v3.0.1/go.mod h1:K4uyk7z7BCEPqu6E+C64Yfv1cQ7kz7rIZviUmN+EgEM=
